
Microsoft Visual Studio Solution File, Format Version 12.00
# Visual Studio 2012
Project("{FAE04EC0-301F-11D3-BF4B-00C04F79EFBC}") = "bCoach Assistant", "bCoach Assistant\bCoach Assistant.csproj", "{EA096F62-A5C0-4A7F-9D9E-C8294451F43F}"
EndProject
Global
	GlobalSection(SolutionConfigurationPlatforms) = preSolution
		Debug|Any CPU = Debug|Any CPU
		Release|Any CPU = Release|Any CPU
	EndGlobalSection
	GlobalSection(ProjectConfigurationPlatforms) = postSolution
		{EA096F62-A5C0-4A7F-9D9E-C8294451F43F}.Debug|Any CPU.ActiveCfg = Debug|Any CPU
		{EA096F62-A5C0-4A7F-9D9E-C8294451F43F}.Debug|Any CPU.Build.0 = Debug|Any CPU
		{EA096F62-A5C0-4A7F-9D9E-C8294451F43F}.Release|Any CPU.ActiveCfg = Release|Any CPU
		{EA096F62-A5C0-4A7F-9D9E-C8294451F43F}.Release|Any CPU.Build.0 = Release|Any CPU
	EndGlobalSection
	GlobalSection(SolutionProperties) = preSolution
		HideSolutionNode = FALSE
	EndGlobalSection
EndGlobal
